version = 1
revision = 3
requires-python = ">=3.14"

[[package]]
name = "asgiref"
version = "3.12.1"
source = { registry = "https://pypi.org/simple" }
sdist = { url = "https://files.pythonhosted.org/packages/e6/26/3b59f2bdae5f640389becb1f673cded775287f5fc4f816309d9ca9a3f93d/asgiref-3.12.1.tar.gz", hash = "sha256:59dcb51c272ad209d59bed5708a64a333083e86017d7fcdd67498eeab7784340", size = 42378, upload-time = "2026-07-14T09:56:18.087Z" }
wheels = [
    { url = "https://files.pythonhosted.org/packages/c0/1b/54f4ad77cd8a584fa70746c47df988e002cf1ee1eba43364d46f87803647/asgiref-3.12.1-py3-none-any.whl", hash = "sha256:fe386d1c2bff7259ea95929266d12a8cf9a8b5a1c2598402967d8792e7a7c094", size = 25478, upload-time = "2026-07-14T09:56:16.926Z" },
]

[[package]]
name = "bash-org-like"
version = "1.0.0"
source = { virtual = "." }
dependencies = [
    { name = "dj-database-url" },
    { name = "django" },
    { name = "gunicorn" },
    { name = "whitenoise" },
]

[package.optional-dependencies]
mysql = [
    { name = "mysqlclient" },
]
postgres = [
    { name = "psycopg", extra = ["binary"] },
]

[package.dev-dependencies]
dev = [
    { name = "pytest" },
    { name = "pytest-cov" },
    { name = "pytest-django" },
    { name = "ruff" },
]

[package.metadata]
requires-dist = [
    { name = "dj-database-url", specifier = "==3.1.2" },
    { name = "django", specifier = "==6.1.1" },
    { name = "gunicorn", specifier = "==26.2.0" },
    { name = "mysqlclient", marker = "extra == 'mysql'", specifier = "==2.3.0" },
    { name = "psycopg", extras = ["binary"], marker = "extra == 'postgres'", specifier = "==3.3.6" },
    { name = "whitenoise", specifier = "==6.12.0" },
]
provides-extras = ["postgres", "mysql"]

[package.metadata.requires-dev]
dev = [
    { name = "pytest", specifier = ">=9.1.1" },
    { name = "pytest-cov", specifier = ">=6.0" },
    { name = "pytest-django", specifier = ">=4.13.0" },
    { name = "ruff", specifier = ">=0.16.3" },
]

[[package]]
name = "colorama"
version = "0.4.6"
source = { registry = "https://pypi.org/simple" }
sdist = { url = "https://files.pythonhosted.org/packages/d8/53/6f443c9a4a8358a93a6792e2acffb9d9d5cb0a5cfd8802644b7b1c9a02e4/colorama-0.4.6.tar.gz", hash = "sha256:08695f5cb7ed6e0531a20572697297273c47b8cae5a63ffc6d6ed5c201be6e44", size = 27697, upload-time = "2022-10-25T02:36:22.414Z" }
wheels = [
    { url = "https://files.pythonhosted.org/packages/d1/d6/3965ed04c63042e047cb6a3e6ed1a63a35087b6a609aa3a15ed8ac56c221/colorama-0.4.6-py2.py3-none-any.whl", hash = "sha256:4f1d9991f5acc0ca119f9d443620b77f9d6b33703e51011c16baf57afb285fc6", size = 25335, upload-time = "2022-10-25T02:36:20.889Z" },
]

[[package]]
name = "coverage"
version = "7.15.3"
source = { registry = "https://pypi.org/simple" }
sdist = { url = "https://files.pythonhosted.org/packages/f4/45/78dbf9604ee5b3db24efbf26bed1cb58862fb40480cba821963c69348751/coverage-7.15.3.tar.gz", hash = "sha256:ae7ea5a4614acf399ef0483c4cb34f8f8f01df848d8fcbe7d3ce0865733f1c4d", size = 935592, upload-time = "2026-08-02T18:50:17.006Z" }
wheels = [
    { url = "https://files.pythonhosted.org/packages/35/6f/8c2dc014357618b3226c90f731b8282766c3685786f422558991dc49fbf2/coverage-7.15.3-cp314-cp314-macosx_10_15_x86_64.whl", hash = "sha256:1e3bb08ad574bd9fb6a991f645728f70d333c1c1958dd5fcde65e24cb862813d", size = 222571, upload-time = "2026-08-02T18:49:11.242Z" },
    { url = "https://files.pythonhosted.org/packages/07/50/d867c7ceae9d56b7e74ee61ea834f1aa4f9a1e1c7f0ce39393ba573b1c12/coverage-7.15.3-cp314-cp314-macosx_11_0_arm64.whl", hash = "sha256:9e5860eaff02a0b7f1b73304bdf846596ee62ab3a78d25c68044ebf684cb1fef", size = 222902, upload-time = "2026-08-02T18:49:13.448Z" },
    { url = "https://files.pythonhosted.org/packages/62/77/4f6dfc490c5f2bcacb2d296d9aa4d1e128c43b48e94ad313fec7f49f09ad/coverage-7.15.3-cp314-cp314-manylinux1_i686.manylinux_2_28_i686.manylinux_2_5_i686.whl", hash = "sha256:60874e5bd67f0b1bdbe42ab42c7bafa66a6fb8de88721af6df3f7a02713960cd", size = 253947, upload-time = "2026-08-02T18:49:15.304Z" },
    { url = "https://files.pythonhosted.org/packages/16/8a/6777f192af264165103e2a3d3768dbadb9894a0a2359a16877141d9ae8f5/coverage-7.15.3-cp314-cp314-manylinux1_x86_64.manylinux_2_28_x86_64.manylinux_2_5_x86_64.whl", hash = "sha256:f9147be876e9d83765e0b82176674dc248a6b9283e25e01e7462611b97e9b731", size = 256452, upload-time = "2026-08-02T18:49:17.801Z" },
    { url = "https://files.pythonhosted.org/packages/7d/7b/3d7ac46a0234bc684f41ee42be95e29b2b6525695adb04083609d5ac2149/coverage-7.15.3-cp314-cp314-manylinux2014_aarch64.manylinux_2_17_aarch64.manylinux_2_28_aarch64.whl", hash = "sha256:61a01f8c3804760fcc5a3d31c4f3cab792d660d44e17bf7adeaf0ea51e07821e", size = 257798, upload-time = "2026-08-02T18:49:19.878Z" },
    { url = "https://files.pythonhosted.org/packages/ff/1e/c6ee59c29afcb5fdb35f936381340d1a06429a07c48f20e809646647acbe/coverage-7.15.3-cp314-cp314-manylinux2014_ppc64le.manylinux_2_17_ppc64le.manylinux_2_28_ppc64le.whl", hash = "sha256:95bf3e7f26f792e25eb185f85a5a659d48479265176dcfe22b6f334fd0081b5c", size = 260112, upload-time = "2026-08-02T18:49:21.858Z" },
    { url = "https://files.pythonhosted.org/packages/c1/e1/e8ea39a46e89e3a143312ee5f80336e992e3ae8fe44bf9c76b83fefeed42/coverage-7.15.3-cp314-cp314-manylinux_2_31_riscv64.manylinux_2_39_riscv64.whl", hash = "sha256:44c41eff9e413fed8740eca75d5438ebeb9d3e45e7cd37c67329213e7a72c764", size = 253944, upload-time = "2026-08-02T18:49:23.926Z" },
    { url = "https://files.pythonhosted.org/packages/95/67/31ab5f6a37fd887d1386f81f0da9306851ad2264e9baaa9c7f606e0b3e17/coverage-7.15.3-cp314-cp314-musllinux_1_2_aarch64.whl", hash = "sha256:54146bafb61f3ba9895b43af0dd17eba01561d586d44ce84ea221b0cbbee5a9e", size = 255805, upload-time = "2026-08-02T18:49:25.973Z" },
    { url = "https://files.pythonhosted.org/packages/fb/6a/ee505a80c8fd89620fb337c0596daecff87f33171fbb4ee3015fc3d7331f/coverage-7.15.3-cp314-cp314-musllinux_1_2_i686.whl", hash = "sha256:af000dd1bb859ff8066fda4c79512ff938c798116540307226b373099c7b151f", size = 253769, upload-time = "2026-08-02T18:49:27.883Z" },
    { url = "https://files.pythonhosted.org/packages/b0/41/6ab0f81c9e89660230d8f3f581d4732e5ddb75a885b0a5dfc73d315dc94f/coverage-7.15.3-cp314-cp314-musllinux_1_2_ppc64le.whl", hash = "sha256:a1b82490577f3889950b5a04f18712aef0207243e0749d60fe28c3c73ebfd5fd", size = 258045, upload-time = "2026-08-02T18:49:30.201Z" },
    { url = "https://files.pythonhosted.org/packages/bc/62/c995e91cae28cf31d6defab3bfb553dda5ac83ac7381b0f2b121264c307a/coverage-7.15.3-cp314-cp314-musllinux_1_2_riscv64.whl", hash = "sha256:c4fc90a60154c3e4b8a2dc206d6dbe852f1c235c249e0dc0cef909d032c9591a", size = 253587, upload-time = "2026-08-02T18:49:32.349Z" },
    { url = "https://files.pythonhosted.org/packages/84/df/f2049980f82d6890321f2065f9e66216eabbf4b2001815db958bc543f40a/coverage-7.15.3-cp314-cp314-musllinux_1_2_x86_64.whl", hash = "sha256:f25bb884814a892948b4c20394db3f2364dd452d9492736479e7a493e63b0eb6", size = 255243, upload-time = "2026-08-02T18:49:34.324Z" },
    { url = "https://files.pythonhosted.org/packages/1d/82/2c841b67a978c0eb9c3707630b68f93f9e7585d78bb906bc8823ec6b07a5/coverage-7.15.3-cp314-cp314-win32.whl", hash = "sha256:722dbf8e7828fbcfe0dc8586167dc0a5ce85ad6ea171dbb21ed3f8d6581d3cb8", size = 224759, upload-time = "2026-08-02T18:49:36.326Z" },
    { url = "https://files.pythonhosted.org/packages/b3/78/5c93ec43784fd3e404ca23cd0584ae24bc1732de4a3fc194b68c3be88db0/coverage-7.15.3-cp314-cp314-win_amd64.whl", hash = "sha256:64d0845f9c3ed47302bed265c15ab4dbb64aa4ec1490839b8e328f4e7fa914d2", size = 225246, upload-time = "2026-08-02T18:49:38.366Z" },
    { url = "https://files.pythonhosted.org/packages/9d/77/813a054371f3b018cc63c6bdb46a3c35d5e95d4e3ed4f1449d4196106db5/coverage-7.15.3-cp314-cp314-win_arm64.whl", hash = "sha256:69bc14684f8fbbee9f9dbaa4fe79719b0da9725fc37956785c06ec365acf6926", size = 224673, upload-time = "2026-08-02T18:49:40.552Z" },
    { url = "https://files.pythonhosted.org/packages/8f/63/8c9f36cc71178d26db930baa03a4494abcc516d8d41bf820d0d85ef1d80b/coverage-7.15.3-cp314-cp314t-macosx_10_15_x86_64.whl", hash = "sha256:f92df943c24b96cb215ca26b4f6a2283e63c5db80f1635aceea7fff11311917b", size = 223298, upload-time = "2026-08-02T18:49:42.634Z" },
    { url = "https://files.pythonhosted.org/packages/54/66/211f24d058ce9f56ebf1420d55b7574fdae924f6da3836f83c8bd4793e38/coverage-7.15.3-cp314-cp314t-macosx_11_0_arm64.whl", hash = "sha256:66591c46bdd2971d3ae2bc503a5f0459c2edcaf6b7e045b292000cc95bc6cb95", size = 223568, upload-time = "2026-08-02T18:49:44.706Z" },
    { url = "https://files.pythonhosted.org/packages/dd/bb/9c2ad5574a0d6420a96c6cade4f8a683931b9e79fe609f8924d7b6964616/coverage-7.15.3-cp314-cp314t-manylinux1_i686.manylinux_2_28_i686.manylinux_2_5_i686.whl", hash = "sha256:caa64458b81b18bfc67cdf1f6dc02b23e3edc672f2f8e11771fad75865415a43", size = 264932, upload-time = "2026-08-02T18:49:47.153Z" },
    { url = "https://files.pythonhosted.org/packages/ba/91/938c39e77bdd5a0a440412f975609ce3702dabbda6ac715719d93ca45a7b/coverage-7.15.3-cp314-cp314t-manylinux1_x86_64.manylinux_2_28_x86_64.manylinux_2_5_x86_64.whl", hash = "sha256:447f5421ccf5475956cf516d4ca1d575f487947b6f4e11f9d80c6aefe24b3dc8", size = 267052, upload-time = "2026-08-02T18:49:49.324Z" },
    { url = "https://files.pythonhosted.org/packages/b0/a3/7b431a98af35d9cc6394e54cde9435b33b8591672fbece6a4931267d7a8e/coverage-7.15.3-cp314-cp314t-manylinux2014_aarch64.manylinux_2_17_aarch64.manylinux_2_28_aarch64.whl", hash = "sha256:7a0c77ef8cd483a4987a5d12d1d9d5f7ee598dfdc6c0844417d847e5768dc779", size = 269473, upload-time = "2026-08-02T18:49:51.599Z" },
    { url = "https://files.pythonhosted.org/packages/32/58/dbc9951dce46be47a732823a1c571f62bcabdd54a68d8c281489a1a55cfb/coverage-7.15.3-cp314-cp314t-manylinux2014_ppc64le.manylinux_2_17_ppc64le.manylinux_2_28_ppc64le.whl", hash = "sha256:0b273f4ff657446a06c2d85bf80e134fa869a92852ba5f87854a70e1fb44da77", size = 270591, upload-time = "2026-08-02T18:49:53.865Z" },
    { url = "https://files.pythonhosted.org/packages/71/bd/1d610772c7c0889bfe477a59c46ee66ea53e271f3f06951e9d55b317f7c6/coverage-7.15.3-cp314-cp314t-manylinux_2_31_riscv64.manylinux_2_39_riscv64.whl", hash = "sha256:daea8c4fafa22488600405be2c2be525a9406fba3fc0a83acc726db3e14e2005", size = 264007, upload-time = "2026-08-02T18:49:55.875Z" },
    { url = "https://files.pythonhosted.org/packages/69/97/852eb3dcdba156b1a9078503f098499916bf889f964b61ad4a08223ac169/coverage-7.15.3-cp314-cp314t-musllinux_1_2_aarch64.whl", hash = "sha256:93ff57c530f3fa7aa69f92fb9b8892b8aa82712aa970842f4abf28657f42fb57", size = 266926, upload-time = "2026-08-02T18:49:57.944Z" },
    { url = "https://files.pythonhosted.org/packages/52/f8/b72cd238757fba2b587fc7dee047efe6e10b0c18343509faaaf502dd4680/coverage-7.15.3-cp314-cp314t-musllinux_1_2_i686.whl", hash = "sha256:4df21bef8b800eebda9018f53d49c9ace3aeb0090c850139b27923aafcb83e91", size = 264529, upload-time = "2026-08-02T18:50:00.035Z" },
    { url = "https://files.pythonhosted.org/packages/b8/0a/6c52ec4b7fb007cb6433d1fcfda4080cb15d75ad37ef9c31025f3427293e/coverage-7.15.3-cp314-cp314t-musllinux_1_2_ppc64le.whl", hash = "sha256:db567b02685f26034adcbd85055f80d12cdf02111b8ed00886093d98b2874ce2", size = 268263, upload-time = "2026-08-02T18:50:02.161Z" },
    { url = "https://files.pythonhosted.org/packages/c0/4e/f1f9aa3efd109a04353563a43fb5155340c1fdcdeaa6296ebed3b6f510ea/coverage-7.15.3-cp314-cp314t-musllinux_1_2_riscv64.whl", hash = "sha256:5318dd51b8600b947e058cf5a4fe54d183d9d13c49b97b64ca7be05a34df9bef", size = 263377, upload-time = "2026-08-02T18:50:04.243Z" },
    { url = "https://files.pythonhosted.org/packages/dd/fb/6b268a0b2728ef1c379ad656b899274477a5f6bed1bf6765b4b387fb0601/coverage-7.15.3-cp314-cp314t-musllinux_1_2_x86_64.whl", hash = "sha256:c995bfa383c54704839b6c4c2627a1c00895597ada0e5e8190c81d8bd620555c", size = 265688, upload-time = "2026-08-02T18:50:06.428Z" },
    { url = "https://files.pythonhosted.org/packages/29/54/1a3ea96e5d5e7cd41dc432597bfc60692910e635d05e1cc25a8ccc243581/coverage-7.15.3-cp314-cp314t-win32.whl", hash = "sha256:6433fafb8da0e1d02eb53411e0ecdadb6b88f0224fdc23317e703c0e88937d42", size = 225066, upload-time = "2026-08-02T18:50:08.533Z" },
    { url = "https://files.pythonhosted.org/packages/31/9d/a7b0d9afd18ed5274dd00651a78e7810a931c70d94b79996f150bec1a30f/coverage-7.15.3-cp314-cp314t-win_amd64.whl", hash = "sha256:fe578952b1b29fe8c777f43f241d49efac4b56724a3434f5d22ebe3c208df429", size = 225897, upload-time = "2026-08-02T18:50:10.572Z" },
    { url = "https://files.pythonhosted.org/packages/ca/11/34c5ae40b945e69aa72b87dc268135b7049905f3824af573b7073acbb946/coverage-7.15.3-cp314-cp314t-win_arm64.whl", hash = "sha256:d2e1acb7aee29dfa8f3e48c23f36670898baca1209d9bdd3985a50c7f982165e", size = 225212, upload-time = "2026-08-02T18:50:12.63Z" },
    { url = "https://files.pythonhosted.org/packages/37/e7/7069b3d6c018917f49ba2e1c5fb910e498c7fefa3a1b78cb1b79e61ff45d/coverage-7.15.3-py3-none-any.whl", hash = "sha256:da78fa6fc7dafe4212839173133ee85afcf42c5cd5f3e47fa7c1c210453b445e", size = 214297, upload-time = "2026-08-02T18:50:14.709Z" },
]

[[package]]
name = "dj-database-url"
version = "3.1.2"
source = { registry = "https://pypi.org/simple" }
dependencies = [
    { name = "django" },
]
sdist = { url = "https://files.pythonhosted.org/packages/03/f6/00b625e9d371b980aa261011d0dc906a16444cb688f94215e0dc86996eb5/dj_database_url-3.1.2.tar.gz", hash = "sha256:63c20e4bbaa51690dfd4c8d189521f6bf6bc9da9fcdb23d95d2ee8ee87f9ec62", size = 11490, upload-time = "2026-02-19T15:30:23.638Z" }
wheels = [
    { url = "https://files.pythonhosted.org/packages/cf/a9/57c66006373381f1d3e5bd94216f1d371228a89f443d3030e010f73dd198/dj_database_url-3.1.2-py3-none-any.whl", hash = "sha256:544e015fee3efa5127a1eb1cca465f4ace578265b3671fe61d0ed7dbafb5ec8a", size = 8953, upload-time = "2026-02-19T15:30:39.37Z" },
]

[[package]]
name = "django"
version = "6.1.1"
source = { registry = "https://pypi.org/simple" }
dependencies = [
    { name = "asgiref" },
    { name = "sqlparse" },
    { name = "tzdata", marker = "sys_platform == 'win32'" },
]
sdist = { url = "https://files.pythonhosted.org/packages/f8/d4/8314b5bdef20832f0ac6ae3b3e4d4924e4759fa3b4af27609dd747e7a6be/django-6.1.1.tar.gz", hash = "sha256:7ab93536d8e677aa14554c56426290c69480bf2ee68d7513d4a22f57d6bfeb84", size = 11284905, upload-time = "2026-09-02T17:20:45.621Z" }
wheels = [
    { url = "https://files.pythonhosted.org/packages/8d/ca/c1040a4fd15754ede7df15fd72fc2e123045b473b253ab5f5284e11c651e/django-6.1.1-py3-none-any.whl", hash = "sha256:585fb82bf15053c42cf52e67c2f1b54a032dca384759315fd6678ab1870d1d72", size = 8419512, upload-time = "2026-09-02T17:20:39.153Z" },
]

[[package]]
name = "gunicorn"
version = "26.2.0"
source = { registry = "https://pypi.org/simple" }
sdist = { url = "https://files.pythonhosted.org/packages/d9/8a/e4ef6ee11701b6cd64702848415ffb69eeff85cb388a3c6c7fe86f22f3f8/gunicorn-26.2.0.tar.gz", hash = "sha256:62b864895d9ebff0b2f9867ba04fe811c93121596540830c9c916d0769668447", size = 787921, upload-time = "2026-08-24T15:05:59.3Z" }
wheels = [
    { url = "https://files.pythonhosted.org/packages/fe/85/7522a52e5e2f42faf1a129113ab63e548c42e103e9af395b7bfe65e403e2/gunicorn-26.2.0-py3-none-any.whl", hash = "sha256:bd249d0b3f7972f7432f0a6b6ff3b3ee2d129f70cd1ff6c09a9dd9e29a2b88e3", size = 228389, upload-time = "2026-08-24T15:05:57.67Z" },
]

[[package]]
name = "iniconfig"
version = "2.3.0"
source = { registry = "https://pypi.org/simple" }
sdist = { url = "https://files.pythonhosted.org/packages/72/34/14ca021ce8e5dfedc35312d08ba8bf51fdd999c576889fc2c24cb97f4f10/iniconfig-2.3.0.tar.gz", hash = "sha256:c76315c77db068650d49c5b56314774a7804df16fee4402c1f19d6d15d8c4730", size = 20503, upload-time = "2025-10-18T21:55:43.219Z" }
wheels = [
    { url = "https://files.pythonhosted.org/packages/cb/b1/3846dd7f199d53cb17f49cba7e651e9ce294d8497c8c150530ed11865bb8/iniconfig-2.3.0-py3-none-any.whl", hash = "sha256:f631c04d2c48c52b84d0d0549c99ff3859c98df65b3101406327ecc7d53fbf12", size = 7484, upload-time = "2025-10-18T21:55:41.639Z" },
]

[[package]]
name = "mysqlclient"
version = "2.3.0"
source = { registry = "https://pypi.org/simple" }
sdist = { url = "https://files.pythonhosted.org/packages/ef/8f/b9488795d21a76c1520905feba5afb6233f16510797a28b51f2b2688c93e/mysqlclient-2.3.0.tar.gz", hash = "sha256:bea8294964266f6486f1ca514ccfcdbc54d4fe0d32882b38c1d4594df870be8b", size = 102185, upload-time = "2026-09-14T15:38:30.784Z" }
wheels = [
    { url = "https://files.pythonhosted.org/packages/6e/5f/f62d1263a942e97ca34ea8bf151c13a638fea7a5a544aa9db3d6dad7671d/mysqlclient-2.3.0-cp314-cp314-win_amd64.whl", hash = "sha256:5d4c53eb9c5625dd68b6fed32c8cf00ba19cd1c3073645dec309a9d16bd029e2", size = 222543, upload-time = "2026-09-14T15:38:22.036Z" },
    { url = "https://files.pythonhosted.org/packages/9d/e5/1de3e1fc27009a6da30a52167e98f52ab4277d089eaff7152f6156745af9/mysqlclient-2.3.0-cp314-cp314-win_arm64.whl", hash = "sha256:cfe14103280d5a4968fe8a3ace2a8939ef68a1d881aec9872d06746106b49f7f", size = 213120, upload-time = "2026-09-14T15:38:23.063Z" },
    { url = "https://files.pythonhosted.org/packages/b3/ea/d7ebc53af9d3341e5c049795ec5e88946d83cbd26ee468475ae0c3b21d7f/mysqlclient-2.3.0-cp314-cp314t-win_amd64.whl", hash = "sha256:673891700dafbc66a6a8df12059b53a65905ec6e8dec615392fb984299880c0d", size = 222969, upload-time = "2026-09-14T15:38:24.168Z" },
    { url = "https://files.pythonhosted.org/packages/4b/42/9ff798c066e33df9f7b58822a3eaf26185c3cb7e61a8186a56243b006066/mysqlclient-2.3.0-cp314-cp314t-win_arm64.whl", hash = "sha256:fe27c63ba9088b28467bf276f93f0b4a9062beabaeeb9692593e774d1146cce2", size = 213680, upload-time = "2026-09-14T15:38:25.259Z" },
    { url = "https://files.pythonhosted.org/packages/d2/0f/29185111b7c0dd264e910c1250f2fd9a452ebad7fb272e750d8ffb18e67c/mysqlclient-2.3.0-cp315-cp315-win_amd64.whl", hash = "sha256:3c601984c286c51080e0d3e9a857bc014713e6338b5f9c0a5df453a341b14022", size = 222537, upload-time = "2026-09-14T15:38:26.308Z" },
    { url = "https://files.pythonhosted.org/packages/32/7b/4a050453adb5d07ee5f979f17409f93be545baae786dd58698f82b08a3e1/mysqlclient-2.3.0-cp315-cp315-win_arm64.whl", hash = "sha256:3d39527a5525b4ebff99721d063f4fe9e459b9e437c7b7698374966d92d4355d", size = 213112, upload-time = "2026-09-14T15:38:27.329Z" },
    { url = "https://files.pythonhosted.org/packages/a2/13/a046e9df6d69778b7de66f3d2ad83e563045992959efafb7b2ef62af0560/mysqlclient-2.3.0-cp315-cp315t-win_amd64.whl", hash = "sha256:24164ba592065ae5ff0149bb5707d05772335935059474fb75d864e5d0f94d63", size = 222969, upload-time = "2026-09-14T15:38:28.468Z" },
    { url = "https://files.pythonhosted.org/packages/f8/13/cf40c2957bebe95fa109feb8a28fe0871ba4bd5e37c77b6128114ec20712/mysqlclient-2.3.0-cp315-cp315t-win_arm64.whl", hash = "sha256:f1ec49f73dad7df8f2da4d9de0f875f03c8bd44fbe77878522204c0646822f63", size = 213723, upload-time = "2026-09-14T15:38:29.69Z" },
]

[[package]]
name = "packaging"
version = "26.2"
source = { registry = "https://pypi.org/simple" }
sdist = { url = "https://files.pythonhosted.org/packages/d7/f1/e7a6dd94a8d4a5626c03e4e99c87f241ba9e350cd9e6d75123f992427270/packaging-26.2.tar.gz", hash = "sha256:ff452ff5a3e828ce110190feff1178bb1f2ea2281fa2075aadb987c2fb221661", size = 228134, upload-time = "2026-04-24T20:15:23.917Z" }
wheels = [
    { url = "https://files.pythonhosted.org/packages/df/b2/87e62e8c3e2f4b32e5fe99e0b86d576da1312593b39f47d8ceef365e95ed/packaging-26.2-py3-none-any.whl", hash = "sha256:5fc45236b9446107ff2415ce77c807cee2862cb6fac22b8a73826d0693b0980e", size = 100195, upload-time = "2026-04-24T20:15:22.081Z" },
]

[[package]]
name = "pluggy"
version = "1.6.0"
source = { registry = "https://pypi.org/simple" }
sdist = { url = "https://files.pythonhosted.org/packages/f9/e2/3e91f31a7d2b083fe6ef3fa267035b518369d9511ffab804f839851d2779/pluggy-1.6.0.tar.gz", hash = "sha256:7dcc130b76258d33b90f61b658791dede3486c3e6bfb003ee5c9bfb396dd22f3", size = 69412, upload-time = "2025-05-15T12:30:07.975Z" }
wheels = [
    { url = "https://files.pythonhosted.org/packages/54/20/4d324d65cc6d9205fabedc306948156824eb9f0ee1633355a8f7ec5c66bf/pluggy-1.6.0-py3-none-any.whl", hash = "sha256:e920276dd6813095e9377c0bc5566d94c932c33b27a3e3945d8389c374dd4746", size = 20538, upload-time = "2025-05-15T12:30:06.134Z" },
]

[[package]]
name = "psycopg"
version = "3.3.6"
source = { registry = "https://pypi.org/simple" }
dependencies = [
    { name = "tzdata", marker = "sys_platform == 'win32'" },
]
sdist = { url = "https://files.pythonhosted.org/packages/76/26/3ea4ca5eaea1c0debcdf7ee7c1613fbe721dc27a03c461c0817ffd8a0601/psycopg-3.3.6.tar.gz", hash = "sha256:c081f2250df751a943036e42db6df4571c66cd0aabe8291a7a506512b12007d2", size = 168171, upload-time = "2026-09-18T13:22:55.152Z" }
wheels = [
    { url = "https://files.pythonhosted.org/packages/4e/de/748bd7609c71cae5d737f0ba9192f19329f70180ecda8fff3cac02c5abe3/psycopg-3.3.6-py3-none-any.whl", hash = "sha256:a1db9f7148b06a28606767efaca51fa6f9398c5c0a3810519be69d7000bdb631", size = 215490, upload-time = "2026-09-18T13:15:29.374Z" },
]

[package.optional-dependencies]
binary = [
    { name = "psycopg-binary", marker = "implementation_name != 'pypy'" },
]

[[package]]
name = "psycopg-binary"
version = "3.3.6"
source = { registry = "https://pypi.org/simple" }
wheels = [
    { url = "https://files.pythonhosted.org/packages/6d/b9/60711317c284a442511644ea7185b56ebe627606d6741e732cd16108c47b/psycopg_binary-3.3.6-cp314-cp314-macosx_10_15_x86_64.whl", hash = "sha256:b3f75dee0f9afafabe4edc52c4842f1e1878ed2069bd05b22d6fe961e97e4dba", size = 4720512, upload-time = "2026-09-18T13:20:29.278Z" },
    { url = "https://files.pythonhosted.org/packages/63/da/28befc84454cbc6374550de7746f591f8fe1b6165c1fce249652cc8291c4/psycopg_binary-3.3.6-cp314-cp314-macosx_11_0_arm64.whl", hash = "sha256:5927b7ba63153cd8e9862987290a2b783a5c590daf2a4ef981700cc3569166d4", size = 4782318, upload-time = "2026-09-18T13:20:35.401Z" },
    { url = "https://files.pythonhosted.org/packages/a4/8a/0d21c2c833cdc0d4244c77e858e0ed37fa2abec2623be4fd686f617109ce/psycopg_binary-3.3.6-cp314-cp314-manylinux2014_ppc64le.manylinux_2_17_ppc64le.whl", hash = "sha256:0bf08b749cc144f33b44a91b78e3f71c60eb07963746a0df5a100b36ce3d7475", size = 5567460, upload-time = "2026-09-18T13:20:41.902Z" },
    { url = "https://files.pythonhosted.org/packages/49/6d/7692d0d4e656b6cc9868d8acc2e3b42f17a0db4a625400a6d093cb0533a1/psycopg_binary-3.3.6-cp314-cp314-manylinux2014_x86_64.manylinux_2_17_x86_64.whl", hash = "sha256:31cd942c23f613276b81a6e6598cefa12960058b0f46e1e874b540c793f6aca5", size = 5246902, upload-time = "2026-09-18T13:20:47.661Z" },
    { url = "https://files.pythonhosted.org/packages/d4/c1/b8a1f18fb1b7558a17f57f7cb3fc8bc93189feea2958925950b3acb15743/psycopg_binary-3.3.6-cp314-cp314-manylinux_2_27_aarch64.manylinux_2_28_aarch64.whl", hash = "sha256:4690cf67738f0e0e49a32aeec99bf0e4595cc2b4f1af984a4345394b1dcff91a", size = 6847192, upload-time = "2026-09-18T13:20:56.874Z" },
    { url = "https://files.pythonhosted.org/packages/a5/76/404f33519167c65cca88ec4998776f1dbebccc301ee977f0e62c47fb0826/psycopg_binary-3.3.6-cp314-cp314-manylinux_2_38_riscv64.manylinux_2_39_riscv64.whl", hash = "sha256:ad1c785e784cfd87e8436c6b7702f2d321fc39601bbaf29bc63a41a867091638", size = 5079573, upload-time = "2026-09-18T13:21:04.155Z" },
    { url = "https://files.pythonhosted.org/packages/f0/d9/79e8fbc8f37262a415f3550f0bcc5f98037442bf3d12ef6cbae2056655ae/psycopg_binary-3.3.6-cp314-cp314-musllinux_1_2_aarch64.whl", hash = "sha256:79a2a1c3449f6c3409427078ed1cec10de79f3023cb5f2504f0597d350ad46c7", size = 4613633, upload-time = "2026-09-18T13:21:10.664Z" },
    { url = "https://files.pythonhosted.org/packages/d4/47/96225db74be7d2ce04b3a58678b53cda610225055edf5faa775c9f501d8b/psycopg_binary-3.3.6-cp314-cp314-musllinux_1_2_ppc64le.whl", hash = "sha256:86147cb5d140341c3363fb5bacce31f8d5543902a46699d3c536b101bbceaf9e", size = 4293375, upload-time = "2026-09-18T13:21:16.027Z" },
    { url = "https://files.pythonhosted.org/packages/2a/d2/18e9c779a5efd565250329adaf529ecc2b8b2ed5be5cb0f6ccee208cbfd9/psycopg_binary-3.3.6-cp314-cp314-musllinux_1_2_riscv64.whl", hash = "sha256:7308c93cf0b19bbaf8e6ff0a6ad50d3c442385739245fe15a8d593bf841734a6", size = 4019883, upload-time = "2026-09-18T13:21:21.587Z" },
    { url = "https://files.pythonhosted.org/packages/ef/28/0cc654afc6c2cda982767f5679d3646b30b1ec86545bdaa9402202d6776c/psycopg_binary-3.3.6-cp314-cp314-musllinux_1_2_x86_64.whl", hash = "sha256:05a83ac9fd52b9bca7cb5ab04b3691163170bd16f53defa27216ea3aa07ee781", size = 4332607, upload-time = "2026-09-18T13:21:27.63Z" },
    { url = "https://files.pythonhosted.org/packages/f1/3e/0a753a74fbd7aef120f286c016e09d3cc3f1daf7688f4a145d27281260b2/psycopg_binary-3.3.6-cp314-cp314-win_amd64.whl", hash = "sha256:1fbd30e537dab22cafdf080608f10148fe2a5f3a61294ddb5113caac8a623840", size = 3755671, upload-time = "2026-09-18T13:21:33.855Z" },
    { url = "https://files.pythonhosted.org/packages/0e/b1/a372b9c02aea50148e71c9853e19efca8fa5ae2010a8e27243b9b8f790c0/psycopg_binary-3.3.6-cp315-cp315-macosx_10_15_x86_64.whl", hash = "sha256:bf8c8481d026b85dd70c5fa7dde85b2333aed0b32a2602bcd38a900cbd78a49c", size = 4719571, upload-time = "2026-09-18T13:21:41.437Z" },
    { url = "https://files.pythonhosted.org/packages/65/7c/811e3828c6b82e2f10c6c9cdd963cfc66f3e024026e5a69ac18530bad984/psycopg_binary-3.3.6-cp315-cp315-macosx_11_0_arm64.whl", hash = "sha256:b599defe9190b17e9907c8b4d114c181e702c87efcd1b8a0ad40971cdcc4634a", size = 4781230, upload-time = "2026-09-18T13:21:49.516Z" },
    { url = "https://files.pythonhosted.org/packages/3e/15/9a784eed813ea9e97c294af3ead63d02b7b203502c66380336c50065e441/psycopg_binary-3.3.6-cp315-cp315-manylinux2014_ppc64le.manylinux_2_17_ppc64le.whl", hash = "sha256:b8ece331509f7a975b90501f41e83ad905e4141753fedf3f2711b2bc70a8efbc", size = 5566111, upload-time = "2026-09-18T13:21:58.089Z" },
    { url = "https://files.pythonhosted.org/packages/68/16/47194e002007c27337b11e49bf459c4b19727463f9aff2e1a90917bcc806/psycopg_binary-3.3.6-cp315-cp315-manylinux2014_x86_64.manylinux_2_17_x86_64.whl", hash = "sha256:c61617eaae0112ca154da87ffb99b73af2c74067acac28dfb9a4455b019dff2e", size = 5249963, upload-time = "2026-09-18T13:22:06.695Z" },
    { url = "https://files.pythonhosted.org/packages/53/84/5dcf9f310b11f0675cd860c6b2c70f58ce61798a3ee3f6f962b53fa358ca/psycopg_binary-3.3.6-cp315-cp315-manylinux_2_27_aarch64.manylinux_2_28_aarch64.whl", hash = "sha256:c6d19cb4999d03231e8730a5f66c8f5068bc3b532677eb39dab0f600bff3e312", size = 6847925, upload-time = "2026-09-18T13:22:13.088Z" },
    { url = "https://files.pythonhosted.org/packages/f3/06/1957a06dc22963c418c27b284929579de84f29c37ad1abe6dc6ee9e8cf25/psycopg_binary-3.3.6-cp315-cp315-manylinux_2_38_riscv64.manylinux_2_39_riscv64.whl", hash = "sha256:e8cbb54454dbf1bbf2ff08dd7693e8d94ac94b1a20f70f4b3b813d52ecb5cbc1", size = 5087720, upload-time = "2026-09-18T13:22:17.959Z" },
    { url = "https://files.pythonhosted.org/packages/21/43/ac07d042bae99b57bf123bb473632f29af544008094da0ffd285ab8011e2/psycopg_binary-3.3.6-cp315-cp315-musllinux_1_2_aarch64.whl", hash = "sha256:dc75da5a20951049f7b773145f998f69d181adad9c58a0ff36e0cf1d73c10e10", size = 4613412, upload-time = "2026-09-18T13:22:26.719Z" },
    { url = "https://files.pythonhosted.org/packages/aa/b1/019156fbeafcefb4cccc9d109de4699493bceb8313c7545c8349e089dfbc/psycopg_binary-3.3.6-cp315-cp315-musllinux_1_2_ppc64le.whl", hash = "sha256:955e3dd94da361e052d2e49acf591017158dc8f8ed2c8a42c2e3943403c39dc2", size = 4292618, upload-time = "2026-09-18T13:22:33.042Z" },
    { url = "https://files.pythonhosted.org/packages/5d/0f/62113dc6b1df65983a1f2fc816c04b1edfa22f2ae9d4abee74ed267f4a96/psycopg_binary-3.3.6-cp315-cp315-musllinux_1_2_riscv64.whl", hash = "sha256:c7753871eb57e6a5f4646f6168590c6653073dea5e9e720b201c8875332df4c8", size = 4027121, upload-time = "2026-09-18T13:22:38.334Z" },
    { url = "https://files.pythonhosted.org/packages/5d/d5/cf0cbd1ea5a7d8167fe2c6953efde19101f7b193bd61a23e6d622ad6854c/psycopg_binary-3.3.6-cp315-cp315-musllinux_1_2_x86_64.whl", hash = "sha256:303732e798fe6729f8e12021b9c96107df8e95ecec4dd487c67b98ec2a59435e", size = 4336388, upload-time = "2026-09-18T13:22:45.576Z" },
    { url = "https://files.pythonhosted.org/packages/98/33/e2a5b36edf8aa422f6fa4b894756eb33dc93b36df5f65121280bb8b929c4/psycopg_binary-3.3.6-cp315-cp315-win_amd64.whl", hash = "sha256:2f122603f36050937982abf9668d8bc4769a79f7c93a65013b1c49f1cab7b56b", size = 3756154, upload-time = "2026-09-18T13:22:51.283Z" },
]

[[package]]
name = "pygments"
version = "2.20.0"
source = { registry = "https://pypi.org/simple" }
sdist = { url = "https://files.pythonhosted.org/packages/c3/b2/bc9c9196916376152d655522fdcebac55e66de6603a76a02bca1b6414f6c/pygments-2.20.0.tar.gz", hash = "sha256:6757cd03768053ff99f3039c1a36d6c0aa0b263438fcab17520b30a303a82b5f", size = 4955991, upload-time = "2026-03-29T13:29:33.898Z" }
wheels = [
    { url = "https://files.pythonhosted.org/packages/f4/7e/a72dd26f3b0f4f2bf1dd8923c85f7ceb43172af56d63c7383eb62b332364/pygments-2.20.0-py3-none-any.whl", hash = "sha256:81a9e26dd42fd28a23a2d169d86d7ac03b46e2f8b59ed4698fb4785f946d0176", size = 1231151, upload-time = "2026-03-29T13:29:30.038Z" },
]

[[package]]
name = "pytest"
version = "9.1.1"
source = { registry = "https://pypi.org/simple" }
dependencies = [
    { name = "colorama", marker = "sys_platform == 'win32'" },
    { name = "iniconfig" },
    { name = "packaging" },
    { name = "pluggy" },
    { name = "pygments" },
]
sdist = { url = "https://files.pythonhosted.org/packages/e4/47/b9efed96c114afcfa3c9d3fe98a76a1d14c74a9e266d397cf6eb64be5e01/pytest-9.1.1.tar.gz", hash = "sha256:1088fbde8f2b49d95a549a195707afa7a76a3ce9bcadc26b6d71f0ffda5fe313", size = 1636369, upload-time = "2026-06-19T10:58:32.857Z" }
wheels = [
    { url = "https://files.pythonhosted.org/packages/24/25/1de2678b631f5a49215c6c96fff41ba892b0a34df68d6d80292b1b48aa7f/pytest-9.1.1-py3-none-any.whl", hash = "sha256:37a86b45efb9a47a61a36449063e8e18d0cab3161329fc099eb21783169c4f0c", size = 386536, upload-time = "2026-06-19T10:58:31.347Z" },
]

[[package]]
name = "pytest-cov"
version = "7.1.0"
source = { registry = "https://pypi.org/simple" }
dependencies = [
    { name = "coverage" },
    { name = "pluggy" },
    { name = "pytest" },
]
sdist = { url = "https://files.pythonhosted.org/packages/b1/51/a849f96e117386044471c8ec2bd6cfebacda285da9525c9106aeb28da671/pytest_cov-7.1.0.tar.gz", hash = "sha256:30674f2b5f6351aa09702a9c8c364f6a01c27aae0c1366ae8016160d1efc56b2", size = 55592, upload-time = "2026-03-21T20:11:16.284Z" }
wheels = [
    { url = "https://files.pythonhosted.org/packages/9d/7a/d968e294073affff457b041c2be9868a40c1c71f4a35fcc1e45e5493067b/pytest_cov-7.1.0-py3-none-any.whl", hash = "sha256:a0461110b7865f9a271aa1b51e516c9a95de9d696734a2f71e3e78f46e1d4678", size = 22876, upload-time = "2026-03-21T20:11:14.438Z" },
]

[[package]]
name = "pytest-django"
version = "4.14.0"
source = { registry = "https://pypi.org/simple" }
dependencies = [
    { name = "pytest" },
]
sdist = { url = "https://files.pythonhosted.org/packages/44/f6/3851312120c2bf2f19cafff931e75059aad1ba670703cd751e2fde9bc942/pytest_django-4.14.0.tar.gz", hash = "sha256:26787dd3f422cfbab8f55b80a776e2edea7a11092cb74e960bef1312515708ef", size = 94700, upload-time = "2026-08-10T14:13:08.319Z" }
wheels = [
    { url = "https://files.pythonhosted.org/packages/9c/03/850bffad2b581c440ca51c039d74504d5a422c94bda0bdb8a8ba5068d48b/pytest_django-4.14.0-py3-none-any.whl", hash = "sha256:c533b08d89cc675efcd5398eea270b34547e35f9a3608e2c9748dd88428ea187", size = 27067, upload-time = "2026-08-10T14:13:06.998Z" },
]

[[package]]
name = "ruff"
version = "0.16.9"
source = { registry = "https://pypi.org/simple" }
sdist = { url = "https://files.pythonhosted.org/packages/96/bf/c935ca98e73fe8ce65b87ef08a280c0c1e85295d569228c15e87d8fdfaf1/ruff-0.16.9.tar.gz", hash = "sha256:12b625c6cfba78d285d9f48eda5f053374f1e53cb10ef17342a383750db99161", size = 4948764, upload-time = "2026-09-24T20:37:49.416Z" }
wheels = [
    { url = "https://files.pythonhosted.org/packages/0d/26/df51322b52ee1ada7eff2d071ea09d11d5c2d1dcc9f02594f5785c4d1635/ruff-0.16.9-py3-none-linux_armv6l.whl", hash = "sha256:95e6f022090368ab3b824c36276839c53b2adf1a3f4c09fefc33dfc400f6da96", size = 10082922, upload-time = "2026-09-24T20:37:13.045Z" },
    { url = "https://files.pythonhosted.org/packages/a5/27/7bf51f5a7aa375e9f339280a303aab44ca75dc1525f1cdc5991761685b0f/ruff-0.16.9-py3-none-macosx_10_12_x86_64.whl", hash = "sha256:a5f27be168556594a86d2f415db0cf43f5291917849318f873c7e2791f7a8c67", size = 10236360, upload-time = "2026-09-24T20:37:16.049Z" },
    { url = "https://files.pythonhosted.org/packages/b6/63/09659283f92f02dff45809da194a70da2f688d87c55d8875c4fae3536072/ruff-0.16.9-py3-none-macosx_11_0_arm64.whl", hash = "sha256:1632eb1d6197f33bd00b1acbc5b71009e89a8895c158e2d2b03a834fac964ab6", size = 9892940, upload-time = "2026-09-24T20:37:17.957Z" },
    { url = "https://files.pythonhosted.org/packages/24/58/98de1b72ec172f5f8f1731236fe21585b3998bf7dfe9fcc44ae9ba626012/ruff-0.16.9-py3-none-manylinux_2_17_aarch64.manylinux2014_aarch64.whl", hash = "sha256:b3f951b14d865d5952c89d40a5ca07e87abe24fa5453299878411e127748fb1c", size = 10032114, upload-time = "2026-09-24T20:37:19.942Z" },
    { url = "https://files.pythonhosted.org/packages/c8/7d/f1e17c54ab59d4bad1dce8ee3e22a7a1d0ef4745240decacdcf3832b5bb2/ruff-0.16.9-py3-none-manylinux_2_17_armv7l.manylinux2014_armv7l.whl", hash = "sha256:447fc07e1573afff7cb02803462b12b6c8ece7cf10e2cd78565fa6d7a1c0bf8d", size = 9910227, upload-time = "2026-09-24T20:37:21.872Z" },
    { url = "https://files.pythonhosted.org/packages/34/19/436f647a65075bbd3bab2668b3bdaa5120559b294694018cdcefabbbf30b/ruff-0.16.9-py3-none-manylinux_2_17_i686.manylinux2014_i686.whl", hash = "sha256:8a3e039a6a40ed976c491722b60e0ae4a4aa1a86057f540ee7a37a5d19ae9120", size = 10547484, upload-time = "2026-09-24T20:37:24.229Z" },
    { url = "https://files.pythonhosted.org/packages/03/59/38430a6bc2f6d8095447ac39625cf8b6e9344a47e6c26225c8ba1bff3ffb/ruff-0.16.9-py3-none-manylinux_2_17_ppc64le.manylinux2014_ppc64le.whl", hash = "sha256:4684dded7db60aa57cb118fa158630f5feade4af5782903b6053484bdf9bd129", size = 11412367, upload-time = "2026-09-24T20:37:26.307Z" },
    { url = "https://files.pythonhosted.org/packages/c8/bd/bbb6d7fc7f208c8b8c50dd5dc8206e4cfdb1e7a8fb852606a3adf370c880/ruff-0.16.9-py3-none-manylinux_2_17_s390x.manylinux2014_s390x.whl", hash = "sha256:d29c934357e45642fda2f34c0b1f4025b4a6c01e15e4bf0016879d60078a142c", size = 10869787, upload-time = "2026-09-24T20:37:28.35Z" },
    { url = "https://files.pythonhosted.org/packages/bc/b8/9c543074918061abbefc3bd139bee22de35abedb00dde0f2d27288838962/ruff-0.16.9-py3-none-manylinux_2_17_x86_64.manylinux2014_x86_64.whl", hash = "sha256:a21713e629d3e5bdb2f5c2def1cc7f04f47fa8e1a7eb0571b4a28e1da64bc728", size = 10406494, upload-time = "2026-09-24T20:37:30.624Z" },
    { url = "https://files.pythonhosted.org/packages/35/7a/5a8851bd146e7ccf8fd4b003f6c75c11f8fbdb0e60673b45097986b6bf41/ruff-0.16.9-py3-none-manylinux_2_31_riscv64.whl", hash = "sha256:7baa24ef5fc8e77aa93879e1d3f43754a01ae488e869f1ae30cf431afd4d2452", size = 10590083, upload-time = "2026-09-24T20:37:32.439Z" },
    { url = "https://files.pythonhosted.org/packages/87/f0/4c3467188f23f806960b46fa76575a7cd0514c9ba90562650b71efc96980/ruff-0.16.9-py3-none-musllinux_1_2_aarch64.whl", hash = "sha256:a41aac6230aadfaa133bdfa1614488531ffa3e0837567ae04c0da2058a9c0f9e", size = 10119151, upload-time = "2026-09-24T20:37:34.581Z" },
    { url = "https://files.pythonhosted.org/packages/15/34/5a4def5adea572ce6aea0bb64f21f928ee317b80e0db747d7979b01d7261/ruff-0.16.9-py3-none-musllinux_1_2_armv7l.whl", hash = "sha256:c2529fb5896d49115b0e9aa8f887490b34bbe76baf879ec2264ac59406869ce7", size = 9911544, upload-time = "2026-09-24T20:37:36.796Z" },
    { url = "https://files.pythonhosted.org/packages/62/5d/d15ebea7499eef9373318c0ee6ca127832927c6529731f6d48e18dce7ca9/ruff-0.16.9-py3-none-musllinux_1_2_i686.whl", hash = "sha256:41e3870277694177429b56406d65dfbdb2c2802c52b715edaf6a0b829c69d4ee", size = 10269884, upload-time = "2026-09-24T20:37:38.857Z" },
    { url = "https://files.pythonhosted.org/packages/d1/56/c5d3cd119ded7a3c7aba0e961b69cb3df701c91662c98ad694467d060ce1/ruff-0.16.9-py3-none-musllinux_1_2_x86_64.whl", hash = "sha256:8adbe4e58af167f767d7b2ba5e83c42e878350796cf78c2f5e14ab9903a92588", size = 10749366, upload-time = "2026-09-24T20:37:41.042Z" },
    { url = "https://files.pythonhosted.org/packages/ac/fe/734ec7527029ac757ecf821f143c9f3fcf69149c21f53a044a899b430f5a/ruff-0.16.9-py3-none-win32.whl", hash = "sha256:0e1dbc2073624dee6618d41d0098690a7244654af746704b64759e12b6b6b385", size = 10152355, upload-time = "2026-09-24T20:37:43.025Z" },
    { url = "https://files.pythonhosted.org/packages/14/21/26e4643629b3ebb44f0a06f9c9a53058d63d989415f63a9a3c28e2ee7f22/ruff-0.16.9-py3-none-win_amd64.whl", hash = "sha256:6bd40fec8cd4c8a3d4dd589bd8ad4e6320c13c29234159bfd959a40d529d597b", size = 10592965, upload-time = "2026-09-24T20:37:44.944Z" },
    { url = "https://files.pythonhosted.org/packages/51/60/5fb1a39dbb5ae314d5f59bc7348a63c1d5c20f3cd83914c4b5cb0be31d2d/ruff-0.16.9-py3-none-win_arm64.whl", hash = "sha256:ed1a252039200f57a59eebc063b54beabea67bfbaaca0eeaa7f54b5fbcda2284", size = 10458649, upload-time = "2026-09-24T20:37:46.882Z" },
]

[[package]]
name = "sqlparse"
version = "0.6.0"
source = { registry = "https://pypi.org/simple" }
sdist = { url = "https://files.pythonhosted.org/packages/5f/d3/3f06a1006f2261d1342aefb3c71eed02f5d4ca5bdbecd86ebc12ad38306e/sqlparse-0.6.0.tar.gz", hash = "sha256:113c35c75365ab9cc9c7231d68c6428fb11c085fc8e9eb1ad659b7ddbf6cd2b9", size = 178477, upload-time = "2026-08-13T19:16:06.396Z" }
wheels = [
    { url = "https://files.pythonhosted.org/packages/d9/50/f00935da0ec7cbf325f8dc4f772ae46fbc7b672dd62876e73f0a94adda57/sqlparse-0.6.0-py3-none-any.whl", hash = "sha256:b861c0288ce2fa56209a9a6412d2e066ac664b3873b89c26c9d8415e8e32996f", size = 50070, upload-time = "2026-08-13T19:16:04.062Z" },
]

[[package]]
name = "tzdata"
version = "2026.3"
source = { registry = "https://pypi.org/simple" }
sdist = { url = "https://files.pythonhosted.org/packages/92/ff/5a28bdfd8c3ebec42564ac7d0e54ca3db65044a9314a97f9564fa7a1e926/tzdata-2026.3.tar.gz", hash = "sha256:4a1518b8993086a7982523e071643f3c0e5f213e75b21318e78bcabfff9d1415", size = 198674, upload-time = "2026-07-10T08:50:37.887Z" }
wheels = [
    { url = "https://files.pythonhosted.org/packages/e5/6d/b53b99a9f2766d095985947a5782f1702cabb129a34f7a802d7197af832f/tzdata-2026.3-py2.py3-none-any.whl", hash = "sha256:dc096730c87af6cab1b171c9d532be840741ff5d459015e7f6947bd7d7e54931", size = 348168, upload-time = "2026-07-10T08:50:36.46Z" },
]

[[package]]
name = "whitenoise"
version = "6.12.0"
source = { registry = "https://pypi.org/simple" }
sdist = { url = "https://files.pythonhosted.org/packages/cb/2a/55b3f3a4ec326cd077c1c3defeee656b9298372a69229134d930151acd01/whitenoise-6.12.0.tar.gz", hash = "sha256:f723ebb76a112e98816ff80fcea0a6c9b8ecde835f8ddda25df7a30a3c2db6ad", size = 26841, upload-time = "2026-02-27T00:05:42.028Z" }
wheels = [
    { url = "https://files.pythonhosted.org/packages/db/eb/d5583a11486211f3ebd4b385545ae787f32363d453c19fffd81106c9c138/whitenoise-6.12.0-py3-none-any.whl", hash = "sha256:fc5e8c572e33ebf24795b47b6a7da8da3c00cff2349f5b04c02f28d0cc5a3cc2", size = 20302, upload-time = "2026-02-27T00:05:40.086Z" },
]
