version = 1
revision = 3
requires-python = ">=3.14"

[[package]]
name = "asgiref"
version = "3.12.1"
source = { registry = "https://pypi.org/simple" }
sdist = { url = "https://files.pythonhosted.org/packages/e6/26/3b59f2bdae5f640389becb1f673cded775287f5fc4f816309d9ca9a3f93d/asgiref-3.12.1.tar.gz", hash = "sha256:59dcb51c272ad209d59bed5708a64a333083e86017d7fcdd67498eeab7784340", size = 42378, upload-time = "2026-07-14T09:56:18.087Z" }
wheels = [
    { url = "https://files.pythonhosted.org/packages/c0/1b/54f4ad77cd8a584fa70746c47df988e002cf1ee1eba43364d46f87803647/asgiref-3.12.1-py3-none-any.whl", hash = "sha256:fe386d1c2bff7259ea95929266d12a8cf9a8b5a1c2598402967d8792e7a7c094", size = 25478, upload-time = "2026-07-14T09:56:16.926Z" },
]

[[package]]
name = "bash-org-like"
version = "1.0.0"
source = { virtual = "." }
dependencies = [
    { name = "dj-database-url" },
    { name = "django" },
    { name = "gunicorn" },
    { name = "whitenoise" },
]

[package.optional-dependencies]
mysql = [
    { name = "mysqlclient" },
]
postgres = [
    { name = "psycopg", extra = ["binary"] },
]

[package.dev-dependencies]
dev = [
    { name = "pytest" },
    { name = "pytest-cov" },
    { name = "pytest-django" },
    { name = "ruff" },
]

[package.metadata]
requires-dist = [
    { name = "dj-database-url", specifier = "==3.1.2" },
    { name = "django", specifier = "==6.1" },
    { name = "gunicorn", specifier = "==26.0.0" },
    { name = "mysqlclient", marker = "extra == 'mysql'", specifier = "==2.2.8" },
    { name = "psycopg", extras = ["binary"], marker = "extra == 'postgres'", specifier = "==3.3.4" },
    { name = "whitenoise", specifier = "==6.12.0" },
]
provides-extras = ["postgres", "mysql"]

[package.metadata.requires-dev]
dev = [
    { name = "pytest", specifier = ">=9.1.1" },
    { name = "pytest-cov", specifier = ">=6.0" },
    { name = "pytest-django", specifier = ">=4.12.0" },
    { name = "ruff", specifier = ">=0.16.0" },
]

[[package]]
name = "colorama"
version = "0.4.6"
source = { registry = "https://pypi.org/simple" }
sdist = { url = "https://files.pythonhosted.org/packages/d8/53/6f443c9a4a8358a93a6792e2acffb9d9d5cb0a5cfd8802644b7b1c9a02e4/colorama-0.4.6.tar.gz", hash = "sha256:08695f5cb7ed6e0531a20572697297273c47b8cae5a63ffc6d6ed5c201be6e44", size = 27697, upload-time = "2022-10-25T02:36:22.414Z" }
wheels = [
    { url = "https://files.pythonhosted.org/packages/d1/d6/3965ed04c63042e047cb6a3e6ed1a63a35087b6a609aa3a15ed8ac56c221/colorama-0.4.6-py2.py3-none-any.whl", hash = "sha256:4f1d9991f5acc0ca119f9d443620b77f9d6b33703e51011c16baf57afb285fc6", size = 25335, upload-time = "2022-10-25T02:36:20.889Z" },
]

[[package]]
name = "coverage"
version = "7.15.3"
source = { registry = "https://pypi.org/simple" }
sdist = { url = "https://files.pythonhosted.org/packages/f4/45/78dbf9604ee5b3db24efbf26bed1cb58862fb40480cba821963c69348751/coverage-7.15.3.tar.gz", hash = "sha256:ae7ea5a4614acf399ef0483c4cb34f8f8f01df848d8fcbe7d3ce0865733f1c4d", size = 935592, upload-time = "2026-08-02T18:50:17.006Z" }
wheels = [
    { url = "https://files.pythonhosted.org/packages/35/6f/8c2dc014357618b3226c90f731b8282766c3685786f422558991dc49fbf2/coverage-7.15.3-cp314-cp314-macosx_10_15_x86_64.whl", hash = "sha256:1e3bb08ad574bd9fb6a991f645728f70d333c1c1958dd5fcde65e24cb862813d", size = 222571, upload-time = "2026-08-02T18:49:11.242Z" },
    { url = "https://files.pythonhosted.org/packages/07/50/d867c7ceae9d56b7e74ee61ea834f1aa4f9a1e1c7f0ce39393ba573b1c12/coverage-7.15.3-cp314-cp314-macosx_11_0_arm64.whl", hash = "sha256:9e5860eaff02a0b7f1b73304bdf846596ee62ab3a78d25c68044ebf684cb1fef", size = 222902, upload-time = "2026-08-02T18:49:13.448Z" },
    { url = "https://files.pythonhosted.org/packages/62/77/4f6dfc490c5f2bcacb2d296d9aa4d1e128c43b48e94ad313fec7f49f09ad/coverage-7.15.3-cp314-cp314-manylinux1_i686.manylinux_2_28_i686.manylinux_2_5_i686.whl", hash = "sha256:60874e5bd67f0b1bdbe42ab42c7bafa66a6fb8de88721af6df3f7a02713960cd", size = 253947, upload-time = "2026-08-02T18:49:15.304Z" },
    { url = "https://files.pythonhosted.org/packages/16/8a/6777f192af264165103e2a3d3768dbadb9894a0a2359a16877141d9ae8f5/coverage-7.15.3-cp314-cp314-manylinux1_x86_64.manylinux_2_28_x86_64.manylinux_2_5_x86_64.whl", hash = "sha256:f9147be876e9d83765e0b82176674dc248a6b9283e25e01e7462611b97e9b731", size = 256452, upload-time = "2026-08-02T18:49:17.801Z" },
    { url = "https://files.pythonhosted.org/packages/7d/7b/3d7ac46a0234bc684f41ee42be95e29b2b6525695adb04083609d5ac2149/coverage-7.15.3-cp314-cp314-manylinux2014_aarch64.manylinux_2_17_aarch64.manylinux_2_28_aarch64.whl", hash = "sha256:61a01f8c3804760fcc5a3d31c4f3cab792d660d44e17bf7adeaf0ea51e07821e", size = 257798, upload-time = "2026-08-02T18:49:19.878Z" },
    { url = "https://files.pythonhosted.org/packages/ff/1e/c6ee59c29afcb5fdb35f936381340d1a06429a07c48f20e809646647acbe/coverage-7.15.3-cp314-cp314-manylinux2014_ppc64le.manylinux_2_17_ppc64le.manylinux_2_28_ppc64le.whl", hash = "sha256:95bf3e7f26f792e25eb185f85a5a659d48479265176dcfe22b6f334fd0081b5c", size = 260112, upload-time = "2026-08-02T18:49:21.858Z" },
    { url = "https://files.pythonhosted.org/packages/c1/e1/e8ea39a46e89e3a143312ee5f80336e992e3ae8fe44bf9c76b83fefeed42/coverage-7.15.3-cp314-cp314-manylinux_2_31_riscv64.manylinux_2_39_riscv64.whl", hash = "sha256:44c41eff9e413fed8740eca75d5438ebeb9d3e45e7cd37c67329213e7a72c764", size = 253944, upload-time = "2026-08-02T18:49:23.926Z" },
    { url = "https://files.pythonhosted.org/packages/95/67/31ab5f6a37fd887d1386f81f0da9306851ad2264e9baaa9c7f606e0b3e17/coverage-7.15.3-cp314-cp314-musllinux_1_2_aarch64.whl", hash = "sha256:54146bafb61f3ba9895b43af0dd17eba01561d586d44ce84ea221b0cbbee5a9e", size = 255805, upload-time = "2026-08-02T18:49:25.973Z" },
    { url = "https://files.pythonhosted.org/packages/fb/6a/ee505a80c8fd89620fb337c0596daecff87f33171fbb4ee3015fc3d7331f/coverage-7.15.3-cp314-cp314-musllinux_1_2_i686.whl", hash = "sha256:af000dd1bb859ff8066fda4c79512ff938c798116540307226b373099c7b151f", size = 253769, upload-time = "2026-08-02T18:49:27.883Z" },
    { url = "https://files.pythonhosted.org/packages/b0/41/6ab0f81c9e89660230d8f3f581d4732e5ddb75a885b0a5dfc73d315dc94f/coverage-7.15.3-cp314-cp314-musllinux_1_2_ppc64le.whl", hash = "sha256:a1b82490577f3889950b5a04f18712aef0207243e0749d60fe28c3c73ebfd5fd", size = 258045, upload-time = "2026-08-02T18:49:30.201Z" },
    { url = "https://files.pythonhosted.org/packages/bc/62/c995e91cae28cf31d6defab3bfb553dda5ac83ac7381b0f2b121264c307a/coverage-7.15.3-cp314-cp314-musllinux_1_2_riscv64.whl", hash = "sha256:c4fc90a60154c3e4b8a2dc206d6dbe852f1c235c249e0dc0cef909d032c9591a", size = 253587, upload-time = "2026-08-02T18:49:32.349Z" },
    { url = "https://files.pythonhosted.org/packages/84/df/f2049980f82d6890321f2065f9e66216eabbf4b2001815db958bc543f40a/coverage-7.15.3-cp314-cp314-musllinux_1_2_x86_64.whl", hash = "sha256:f25bb884814a892948b4c20394db3f2364dd452d9492736479e7a493e63b0eb6", size = 255243, upload-time = "2026-08-02T18:49:34.324Z" },
    { url = "https://files.pythonhosted.org/packages/1d/82/2c841b67a978c0eb9c3707630b68f93f9e7585d78bb906bc8823ec6b07a5/coverage-7.15.3-cp314-cp314-win32.whl", hash = "sha256:722dbf8e7828fbcfe0dc8586167dc0a5ce85ad6ea171dbb21ed3f8d6581d3cb8", size = 224759, upload-time = "2026-08-02T18:49:36.326Z" },
    { url = "https://files.pythonhosted.org/packages/b3/78/5c93ec43784fd3e404ca23cd0584ae24bc1732de4a3fc194b68c3be88db0/coverage-7.15.3-cp314-cp314-win_amd64.whl", hash = "sha256:64d0845f9c3ed47302bed265c15ab4dbb64aa4ec1490839b8e328f4e7fa914d2", size = 225246, upload-time = "2026-08-02T18:49:38.366Z" },
    { url = "https://files.pythonhosted.org/packages/9d/77/813a054371f3b018cc63c6bdb46a3c35d5e95d4e3ed4f1449d4196106db5/coverage-7.15.3-cp314-cp314-win_arm64.whl", hash = "sha256:69bc14684f8fbbee9f9dbaa4fe79719b0da9725fc37956785c06ec365acf6926", size = 224673, upload-time = "2026-08-02T18:49:40.552Z" },
    { url = "https://files.pythonhosted.org/packages/8f/63/8c9f36cc71178d26db930baa03a4494abcc516d8d41bf820d0d85ef1d80b/coverage-7.15.3-cp314-cp314t-macosx_10_15_x86_64.whl", hash = "sha256:f92df943c24b96cb215ca26b4f6a2283e63c5db80f1635aceea7fff11311917b", size = 223298, upload-time = "2026-08-02T18:49:42.634Z" },
    { url = "https://files.pythonhosted.org/packages/54/66/211f24d058ce9f56ebf1420d55b7574fdae924f6da3836f83c8bd4793e38/coverage-7.15.3-cp314-cp314t-macosx_11_0_arm64.whl", hash = "sha256:66591c46bdd2971d3ae2bc503a5f0459c2edcaf6b7e045b292000cc95bc6cb95", size = 223568, upload-time = "2026-08-02T18:49:44.706Z" },
    { url = "https://files.pythonhosted.org/packages/dd/bb/9c2ad5574a0d6420a96c6cade4f8a683931b9e79fe609f8924d7b6964616/coverage-7.15.3-cp314-cp314t-manylinux1_i686.manylinux_2_28_i686.manylinux_2_5_i686.whl", hash = "sha256:caa64458b81b18bfc67cdf1f6dc02b23e3edc672f2f8e11771fad75865415a43", size = 264932, upload-time = "2026-08-02T18:49:47.153Z" },
    { url = "https://files.pythonhosted.org/packages/ba/91/938c39e77bdd5a0a440412f975609ce3702dabbda6ac715719d93ca45a7b/coverage-7.15.3-cp314-cp314t-manylinux1_x86_64.manylinux_2_28_x86_64.manylinux_2_5_x86_64.whl", hash = "sha256:447f5421ccf5475956cf516d4ca1d575f487947b6f4e11f9d80c6aefe24b3dc8", size = 267052, upload-time = "2026-08-02T18:49:49.324Z" },
    { url = "https://files.pythonhosted.org/packages/b0/a3/7b431a98af35d9cc6394e54cde9435b33b8591672fbece6a4931267d7a8e/coverage-7.15.3-cp314-cp314t-manylinux2014_aarch64.manylinux_2_17_aarch64.manylinux_2_28_aarch64.whl", hash = "sha256:7a0c77ef8cd483a4987a5d12d1d9d5f7ee598dfdc6c0844417d847e5768dc779", size = 269473, upload-time = "2026-08-02T18:49:51.599Z" },
    { url = "https://files.pythonhosted.org/packages/32/58/dbc9951dce46be47a732823a1c571f62bcabdd54a68d8c281489a1a55cfb/coverage-7.15.3-cp314-cp314t-manylinux2014_ppc64le.manylinux_2_17_ppc64le.manylinux_2_28_ppc64le.whl", hash = "sha256:0b273f4ff657446a06c2d85bf80e134fa869a92852ba5f87854a70e1fb44da77", size = 270591, upload-time = "2026-08-02T18:49:53.865Z" },
    { url = "https://files.pythonhosted.org/packages/71/bd/1d610772c7c0889bfe477a59c46ee66ea53e271f3f06951e9d55b317f7c6/coverage-7.15.3-cp314-cp314t-manylinux_2_31_riscv64.manylinux_2_39_riscv64.whl", hash = "sha256:daea8c4fafa22488600405be2c2be525a9406fba3fc0a83acc726db3e14e2005", size = 264007, upload-time = "2026-08-02T18:49:55.875Z" },
    { url = "https://files.pythonhosted.org/packages/69/97/852eb3dcdba156b1a9078503f098499916bf889f964b61ad4a08223ac169/coverage-7.15.3-cp314-cp314t-musllinux_1_2_aarch64.whl", hash = "sha256:93ff57c530f3fa7aa69f92fb9b8892b8aa82712aa970842f4abf28657f42fb57", size = 266926, upload-time = "2026-08-02T18:49:57.944Z" },
    { url = "https://files.pythonhosted.org/packages/52/f8/b72cd238757fba2b587fc7dee047efe6e10b0c18343509faaaf502dd4680/coverage-7.15.3-cp314-cp314t-musllinux_1_2_i686.whl", hash = "sha256:4df21bef8b800eebda9018f53d49c9ace3aeb0090c850139b27923aafcb83e91", size = 264529, upload-time = "2026-08-02T18:50:00.035Z" },
    { url = "https://files.pythonhosted.org/packages/b8/0a/6c52ec4b7fb007cb6433d1fcfda4080cb15d75ad37ef9c31025f3427293e/coverage-7.15.3-cp314-cp314t-musllinux_1_2_ppc64le.whl", hash = "sha256:db567b02685f26034adcbd85055f80d12cdf02111b8ed00886093d98b2874ce2", size = 268263, upload-time = "2026-08-02T18:50:02.161Z" },
    { url = "https://files.pythonhosted.org/packages/c0/4e/f1f9aa3efd109a04353563a43fb5155340c1fdcdeaa6296ebed3b6f510ea/coverage-7.15.3-cp314-cp314t-musllinux_1_2_riscv64.whl", hash = "sha256:5318dd51b8600b947e058cf5a4fe54d183d9d13c49b97b64ca7be05a34df9bef", size = 263377, upload-time = "2026-08-02T18:50:04.243Z" },
    { url = "https://files.pythonhosted.org/packages/dd/fb/6b268a0b2728ef1c379ad656b899274477a5f6bed1bf6765b4b387fb0601/coverage-7.15.3-cp314-cp314t-musllinux_1_2_x86_64.whl", hash = "sha256:c995bfa383c54704839b6c4c2627a1c00895597ada0e5e8190c81d8bd620555c", size = 265688, upload-time = "2026-08-02T18:50:06.428Z" },
    { url = "https://files.pythonhosted.org/packages/29/54/1a3ea96e5d5e7cd41dc432597bfc60692910e635d05e1cc25a8ccc243581/coverage-7.15.3-cp314-cp314t-win32.whl", hash = "sha256:6433fafb8da0e1d02eb53411e0ecdadb6b88f0224fdc23317e703c0e88937d42", size = 225066, upload-time = "2026-08-02T18:50:08.533Z" },
    { url = "https://files.pythonhosted.org/packages/31/9d/a7b0d9afd18ed5274dd00651a78e7810a931c70d94b79996f150bec1a30f/coverage-7.15.3-cp314-cp314t-win_amd64.whl", hash = "sha256:fe578952b1b29fe8c777f43f241d49efac4b56724a3434f5d22ebe3c208df429", size = 225897, upload-time = "2026-08-02T18:50:10.572Z" },
    { url = "https://files.pythonhosted.org/packages/ca/11/34c5ae40b945e69aa72b87dc268135b7049905f3824af573b7073acbb946/coverage-7.15.3-cp314-cp314t-win_arm64.whl", hash = "sha256:d2e1acb7aee29dfa8f3e48c23f36670898baca1209d9bdd3985a50c7f982165e", size = 225212, upload-time = "2026-08-02T18:50:12.63Z" },
    { url = "https://files.pythonhosted.org/packages/37/e7/7069b3d6c018917f49ba2e1c5fb910e498c7fefa3a1b78cb1b79e61ff45d/coverage-7.15.3-py3-none-any.whl", hash = "sha256:da78fa6fc7dafe4212839173133ee85afcf42c5cd5f3e47fa7c1c210453b445e", size = 214297, upload-time = "2026-08-02T18:50:14.709Z" },
]

[[package]]
name = "dj-database-url"
version = "3.1.2"
source = { registry = "https://pypi.org/simple" }
dependencies = [
    { name = "django" },
]
sdist = { url = "https://files.pythonhosted.org/packages/03/f6/00b625e9d371b980aa261011d0dc906a16444cb688f94215e0dc86996eb5/dj_database_url-3.1.2.tar.gz", hash = "sha256:63c20e4bbaa51690dfd4c8d189521f6bf6bc9da9fcdb23d95d2ee8ee87f9ec62", size = 11490, upload-time = "2026-02-19T15:30:23.638Z" }
wheels = [
    { url = "https://files.pythonhosted.org/packages/cf/a9/57c66006373381f1d3e5bd94216f1d371228a89f443d3030e010f73dd198/dj_database_url-3.1.2-py3-none-any.whl", hash = "sha256:544e015fee3efa5127a1eb1cca465f4ace578265b3671fe61d0ed7dbafb5ec8a", size = 8953, upload-time = "2026-02-19T15:30:39.37Z" },
]

[[package]]
name = "django"
version = "6.1"
source = { registry = "https://pypi.org/simple" }
dependencies = [
    { name = "asgiref" },
    { name = "sqlparse" },
    { name = "tzdata", marker = "sys_platform == 'win32'" },
]
sdist = { url = "https://files.pythonhosted.org/packages/e2/42/6cb20996733984c1f6661daeda3877990836c76c633c6c8879d39f7120eb/django-6.1.tar.gz", hash = "sha256:86a2aacd59b817e4d6ac2ebfe22356c58f66f7b24e503f71b7c2fead677ee48b", size = 11223034, upload-time = "2026-08-05T19:21:53.789Z" }
wheels = [
    { url = "https://files.pythonhosted.org/packages/91/9c/ce847620134cfab903e75690c498af73b46abbede2912ea89bd76d5c1e76/django-6.1-py3-none-any.whl", hash = "sha256:6c132cd980c9392b06807d4ca52d72530d631dc65a85d9dacede00a780cefbbe", size = 8417399, upload-time = "2026-08-05T19:21:47.285Z" },
]

[[package]]
name = "gunicorn"
version = "26.0.0"
source = { registry = "https://pypi.org/simple" }
dependencies = [
    { name = "packaging" },
]
sdist = { url = "https://files.pythonhosted.org/packages/6d/b7/a4a3f632f823e432ce6bc65f62961b7980c898c77f075a2f7118cb3846fe/gunicorn-26.0.0.tar.gz", hash = "sha256:ca9346f85e3a4aeeb64d491045c16b9a35647abd37ea15efe53080eb8b090baf", size = 727286, upload-time = "2026-05-05T06:38:25.529Z" }
wheels = [
    { url = "https://files.pythonhosted.org/packages/e6/40/9c2384fc2be4ad25dd4a49decd5ad9ea5a3639814c11bd40ab77cb9f0a14/gunicorn-26.0.0-py3-none-any.whl", hash = "sha256:40233d26a5f0d1872916188c276e21641155111c2853f0c2cd55260aec0d24fc", size = 212009, upload-time = "2026-05-05T06:38:23.007Z" },
]

[[package]]
name = "iniconfig"
version = "2.3.0"
source = { registry = "https://pypi.org/simple" }
sdist = { url = "https://files.pythonhosted.org/packages/72/34/14ca021ce8e5dfedc35312d08ba8bf51fdd999c576889fc2c24cb97f4f10/iniconfig-2.3.0.tar.gz", hash = "sha256:c76315c77db068650d49c5b56314774a7804df16fee4402c1f19d6d15d8c4730", size = 20503, upload-time = "2025-10-18T21:55:43.219Z" }
wheels = [
    { url = "https://files.pythonhosted.org/packages/cb/b1/3846dd7f199d53cb17f49cba7e651e9ce294d8497c8c150530ed11865bb8/iniconfig-2.3.0-py3-none-any.whl", hash = "sha256:f631c04d2c48c52b84d0d0549c99ff3859c98df65b3101406327ecc7d53fbf12", size = 7484, upload-time = "2025-10-18T21:55:41.639Z" },
]

[[package]]
name = "mysqlclient"
version = "2.2.8"
source = { registry = "https://pypi.org/simple" }
sdist = { url = "https://files.pythonhosted.org/packages/eb/b0/9df076488cb2e536d40ce6dbd4273c1f20a386e31ffe6e7cb613902b3c2a/mysqlclient-2.2.8.tar.gz", hash = "sha256:8ed20c5615a915da451bb308c7d0306648a4fd9a2809ba95c992690006306199", size = 92287, upload-time = "2026-02-10T10:58:37.405Z" }
wheels = [
    { url = "https://files.pythonhosted.org/packages/42/44/6ae21b4e8490eb5167d04fa7452c462ffd72a502b96bf531477ef044a380/mysqlclient-2.2.8-cp314-cp314-win_amd64.whl", hash = "sha256:9bed7c8d3b629bdc09e17fb628d5b3b0a5fd1f12b09432b464b9126c727bedc0", size = 211644, upload-time = "2026-02-10T10:58:45.022Z" },
    { url = "https://files.pythonhosted.org/packages/66/e5/037d55623be9f681236e04abe12e1290847c06bd48270c3f19ac33493cbf/mysqlclient-2.2.8-cp314-cp314t-win_amd64.whl", hash = "sha256:260cce0e81446c83bf0a389e0fae38d68547d9f8fc0833bc733014e10ce28a99", size = 213067, upload-time = "2026-02-10T10:58:43.389Z" },
]

[[package]]
name = "packaging"
version = "26.2"
source = { registry = "https://pypi.org/simple" }
sdist = { url = "https://files.pythonhosted.org/packages/d7/f1/e7a6dd94a8d4a5626c03e4e99c87f241ba9e350cd9e6d75123f992427270/packaging-26.2.tar.gz", hash = "sha256:ff452ff5a3e828ce110190feff1178bb1f2ea2281fa2075aadb987c2fb221661", size = 228134, upload-time = "2026-04-24T20:15:23.917Z" }
wheels = [
    { url = "https://files.pythonhosted.org/packages/df/b2/87e62e8c3e2f4b32e5fe99e0b86d576da1312593b39f47d8ceef365e95ed/packaging-26.2-py3-none-any.whl", hash = "sha256:5fc45236b9446107ff2415ce77c807cee2862cb6fac22b8a73826d0693b0980e", size = 100195, upload-time = "2026-04-24T20:15:22.081Z" },
]

[[package]]
name = "pluggy"
version = "1.6.0"
source = { registry = "https://pypi.org/simple" }
sdist = { url = "https://files.pythonhosted.org/packages/f9/e2/3e91f31a7d2b083fe6ef3fa267035b518369d9511ffab804f839851d2779/pluggy-1.6.0.tar.gz", hash = "sha256:7dcc130b76258d33b90f61b658791dede3486c3e6bfb003ee5c9bfb396dd22f3", size = 69412, upload-time = "2025-05-15T12:30:07.975Z" }
wheels = [
    { url = "https://files.pythonhosted.org/packages/54/20/4d324d65cc6d9205fabedc306948156824eb9f0ee1633355a8f7ec5c66bf/pluggy-1.6.0-py3-none-any.whl", hash = "sha256:e920276dd6813095e9377c0bc5566d94c932c33b27a3e3945d8389c374dd4746", size = 20538, upload-time = "2025-05-15T12:30:06.134Z" },
]

[[package]]
name = "psycopg"
version = "3.3.4"
source = { registry = "https://pypi.org/simple" }
dependencies = [
    { name = "tzdata", marker = "sys_platform == 'win32'" },
]
sdist = { url = "https://files.pythonhosted.org/packages/db/2f/cb91e5502ec9de1de6f1b76cfbf69531932725361168bb06963620c77e2e/psycopg-3.3.4.tar.gz", hash = "sha256:e21207764952cff81b6b8bdacad9a3939f2793367fdac2987b3aac36a651b5bc", size = 165799, upload-time = "2026-05-01T23:31:55.179Z" }
wheels = [
    { url = "https://files.pythonhosted.org/packages/5c/e0/7b3dee031daae7743609ce3c746565d4a3ed7c2c186479eb48e34e838c64/psycopg-3.3.4-py3-none-any.whl", hash = "sha256:b6bbc25ccf05c8fad3b061d9db2ef0909a555171b84b07f29458a447253d679a", size = 213001, upload-time = "2026-05-01T23:20:50.816Z" },
]

[package.optional-dependencies]
binary = [
    { name = "psycopg-binary", marker = "implementation_name != 'pypy'" },
]

[[package]]
name = "psycopg-binary"
version = "3.3.4"
source = { registry = "https://pypi.org/simple" }
wheels = [
    { url = "https://files.pythonhosted.org/packages/48/a6/828c9185701dab71b234c2a76c38a08b098ebfec5020716b4e93807492b5/psycopg_binary-3.3.4-cp314-cp314-macosx_10_15_x86_64.whl", hash = "sha256:28b7398fdd19db3232c884fb24550bdfe951221f510e195e233299e4c9b78f97", size = 4607292, upload-time = "2026-05-01T23:30:38.962Z" },
    { url = "https://files.pythonhosted.org/packages/92/58/5b40dbc9d839045c9dae956960e4fb6d20bcabe6c59a2aa34fc3a371913f/psycopg_binary-3.3.4-cp314-cp314-macosx_11_0_arm64.whl", hash = "sha256:1fbaa292a3c8bb61b45df1ad3da1908ccee7cb889db9425e3557d9e34e2a4829", size = 4687023, upload-time = "2026-05-01T23:30:47.227Z" },
    { url = "https://files.pythonhosted.org/packages/85/a9/793f0ac107a9003b48441d0d1f9f616d96e0f37458dd8dc12528ceff55fb/psycopg_binary-3.3.4-cp314-cp314-manylinux2014_ppc64le.manylinux_2_17_ppc64le.whl", hash = "sha256:94596f9e7633ee3f6440711d43bb70aa31cc0a46a900ab8b4201a366ace5c9e7", size = 5486985, upload-time = "2026-05-01T23:30:55.517Z" },
    { url = "https://files.pythonhosted.org/packages/8f/26/42e8533497e2592334f68ec529cf5f840f7fa4e99575a4bb61aa184dbfbf/psycopg_binary-3.3.4-cp314-cp314-manylinux2014_x86_64.manylinux_2_17_x86_64.whl", hash = "sha256:8c0056529e68dbe9184cd4019a1f3d8f3a4ead2f6fc7a5afcf27d3314edd1277", size = 5168745, upload-time = "2026-05-01T23:31:01.904Z" },
    { url = "https://files.pythonhosted.org/packages/15/af/b7151776cc08d5935d45c833ec818a9beb417cf7c08239af1aafbdae78ee/psycopg_binary-3.3.4-cp314-cp314-manylinux_2_27_aarch64.manylinux_2_28_aarch64.whl", hash = "sha256:2c09aad7051326e7603c14e50636db9c01f78272dc54b3accff03d46370461e6", size = 6761486, upload-time = "2026-05-01T23:31:14.511Z" },
    { url = "https://files.pythonhosted.org/packages/d0/ed/c92533b9124712d592cbf1cd6c76da933a2e0acea81dfe1fbe7e735f0cff/psycopg_binary-3.3.4-cp314-cp314-manylinux_2_38_riscv64.manylinux_2_39_riscv64.whl", hash = "sha256:514404ed543efd620c85602b747df2a23cf1241b4067199e1a66f2d2757aaa41", size = 4997427, upload-time = "2026-05-01T23:31:20.901Z" },
    { url = "https://files.pythonhosted.org/packages/a2/23/ccadfd0de416aa188356daa199453af24087b042e296088706d190ae0295/psycopg_binary-3.3.4-cp314-cp314-musllinux_1_2_aarch64.whl", hash = "sha256:46893c26858be12cc49ca4226ed6a60b4bfccadd946b3bebb783a60b38788228", size = 4533549, upload-time = "2026-05-01T23:31:26.204Z" },
    { url = "https://files.pythonhosted.org/packages/fd/a0/c8f43cee36386f7bc891ab41a9d31ea07cf9826038e732da79f26b1e5f34/psycopg_binary-3.3.4-cp314-cp314-musllinux_1_2_ppc64le.whl", hash = "sha256:df1d567fc430f6df15c9fcf67d87685fc49bdb325adc0db5af1adfb2f44eb5c9", size = 4210256, upload-time = "2026-05-01T23:31:33.884Z" },
    { url = "https://files.pythonhosted.org/packages/4e/2c/c1547871be3790676e8868b38655496422f94f0978dfb66b74bdba2f1676/psycopg_binary-3.3.4-cp314-cp314-musllinux_1_2_riscv64.whl", hash = "sha256:6b9016b1714da4dd5ecaaa75b82098aa5a0b87854ce9b092e21c27c4ae23e014", size = 3946204, upload-time = "2026-05-01T23:31:39.626Z" },
    { url = "https://files.pythonhosted.org/packages/c4/b1/f6670f00fa7ea601584623f6c11602ab92117d83eaff885e0210f6de7418/psycopg_binary-3.3.4-cp314-cp314-musllinux_1_2_x86_64.whl", hash = "sha256:47c656a8a7ba6eb0cff1801a4caaa9c8bdc12d03080e273aff1c8ac39971a77e", size = 4255811, upload-time = "2026-05-01T23:31:44.986Z" },
    { url = "https://files.pythonhosted.org/packages/eb/e6/5fff07a70d1f945ed90ae131c3bd76cab32beff7c58c6db15ad5820b6d1f/psycopg_binary-3.3.4-cp314-cp314-win_amd64.whl", hash = "sha256:c37e024c07308cd06cf3ec51bfd0e7f6157585a4d84d1bce4a7f5f7913719bf8", size = 3666849, upload-time = "2026-05-01T23:31:51.165Z" },
]

[[package]]
name = "pygments"
version = "2.20.0"
source = { registry = "https://pypi.org/simple" }
sdist = { url = "https://files.pythonhosted.org/packages/c3/b2/bc9c9196916376152d655522fdcebac55e66de6603a76a02bca1b6414f6c/pygments-2.20.0.tar.gz", hash = "sha256:6757cd03768053ff99f3039c1a36d6c0aa0b263438fcab17520b30a303a82b5f", size = 4955991, upload-time = "2026-03-29T13:29:33.898Z" }
wheels = [
    { url = "https://files.pythonhosted.org/packages/f4/7e/a72dd26f3b0f4f2bf1dd8923c85f7ceb43172af56d63c7383eb62b332364/pygments-2.20.0-py3-none-any.whl", hash = "sha256:81a9e26dd42fd28a23a2d169d86d7ac03b46e2f8b59ed4698fb4785f946d0176", size = 1231151, upload-time = "2026-03-29T13:29:30.038Z" },
]

[[package]]
name = "pytest"
version = "9.1.1"
source = { registry = "https://pypi.org/simple" }
dependencies = [
    { name = "colorama", marker = "sys_platform == 'win32'" },
    { name = "iniconfig" },
    { name = "packaging" },
    { name = "pluggy" },
    { name = "pygments" },
]
sdist = { url = "https://files.pythonhosted.org/packages/e4/47/b9efed96c114afcfa3c9d3fe98a76a1d14c74a9e266d397cf6eb64be5e01/pytest-9.1.1.tar.gz", hash = "sha256:1088fbde8f2b49d95a549a195707afa7a76a3ce9bcadc26b6d71f0ffda5fe313", size = 1636369, upload-time = "2026-06-19T10:58:32.857Z" }
wheels = [
    { url = "https://files.pythonhosted.org/packages/24/25/1de2678b631f5a49215c6c96fff41ba892b0a34df68d6d80292b1b48aa7f/pytest-9.1.1-py3-none-any.whl", hash = "sha256:37a86b45efb9a47a61a36449063e8e18d0cab3161329fc099eb21783169c4f0c", size = 386536, upload-time = "2026-06-19T10:58:31.347Z" },
]

[[package]]
name = "pytest-cov"
version = "7.1.0"
source = { registry = "https://pypi.org/simple" }
dependencies = [
    { name = "coverage" },
    { name = "pluggy" },
    { name = "pytest" },
]
sdist = { url = "https://files.pythonhosted.org/packages/b1/51/a849f96e117386044471c8ec2bd6cfebacda285da9525c9106aeb28da671/pytest_cov-7.1.0.tar.gz", hash = "sha256:30674f2b5f6351aa09702a9c8c364f6a01c27aae0c1366ae8016160d1efc56b2", size = 55592, upload-time = "2026-03-21T20:11:16.284Z" }
wheels = [
    { url = "https://files.pythonhosted.org/packages/9d/7a/d968e294073affff457b041c2be9868a40c1c71f4a35fcc1e45e5493067b/pytest_cov-7.1.0-py3-none-any.whl", hash = "sha256:a0461110b7865f9a271aa1b51e516c9a95de9d696734a2f71e3e78f46e1d4678", size = 22876, upload-time = "2026-03-21T20:11:14.438Z" },
]

[[package]]
name = "pytest-django"
version = "4.12.0"
source = { registry = "https://pypi.org/simple" }
dependencies = [
    { name = "pytest" },
]
sdist = { url = "https://files.pythonhosted.org/packages/13/2b/db9a193df89e5660137f5428063bcc2ced7ad790003b26974adf5c5ceb3b/pytest_django-4.12.0.tar.gz", hash = "sha256:df94ec819a83c8979c8f6de13d9cdfbe76e8c21d39473cfe2b40c9fc9be3c758", size = 91156, upload-time = "2026-02-14T18:40:49.235Z" }
wheels = [
    { url = "https://files.pythonhosted.org/packages/83/a5/41d091f697c09609e7ef1d5d61925494e0454ebf51de7de05f0f0a728f1d/pytest_django-4.12.0-py3-none-any.whl", hash = "sha256:3ff300c49f8350ba2953b90297d23bf5f589db69545f56f1ec5f8cff5da83e85", size = 26123, upload-time = "2026-02-14T18:40:47.381Z" },
]

[[package]]
name = "ruff"
version = "0.16.1"
source = { registry = "https://pypi.org/simple" }
sdist = { url = "https://files.pythonhosted.org/packages/70/25/7113f6d5498888c5fb7db34081cba7d5971c4cb1bfb26819966eee68f003/ruff-0.16.1.tar.gz", hash = "sha256:fedad7c801dabd3fb9741d76aca39246e6ddd9ca446a015875207bf19f1e6bc7", size = 4877500, upload-time = "2026-07-30T19:37:01.379Z" }
wheels = [
    { url = "https://files.pythonhosted.org/packages/1b/bd/694da69368e0973de65df2ddc73ab18d43c469d5963d9b150911de6bc513/ruff-0.16.1-py3-none-linux_armv6l.whl", hash = "sha256:58edb313b88f0c5460a26adf5f39a37a3be789494a15e3e411e35fa78b89f9a0", size = 10839126, upload-time = "2026-07-30T19:36:13.697Z" },
    { url = "https://files.pythonhosted.org/packages/3f/f0/b626e5d5bd0dd9576263658ef12885e2288afd1029a48e26ffed65ec1ac1/ruff-0.16.1-py3-none-macosx_10_12_x86_64.whl", hash = "sha256:fde5a99e2f97479af66edd6622c6d5a2a7592c77cf4153d9e4428f5eeb55b60c", size = 11070253, upload-time = "2026-07-30T19:36:17.14Z" },
    { url = "https://files.pythonhosted.org/packages/83/63/f40acfb6b35b88623e71684942b552c3edd96035f5d98f313815f7b277de/ruff-0.16.1-py3-none-macosx_11_0_arm64.whl", hash = "sha256:e0d4c20532fca4f7fa609369161d968dd28f65d83dabbd61d8e9c7edbf7001f6", size = 10561425, upload-time = "2026-07-30T19:36:20.04Z" },
    { url = "https://files.pythonhosted.org/packages/aa/dd/14ec0e9c2b4d315547dd38765004b4863e354e1b52cb308272215d9f6f6d/ruff-0.16.1-py3-none-manylinux_2_17_aarch64.manylinux2014_aarch64.whl", hash = "sha256:30affbcedf59ad5703d9c91f82266e02b47739f797e1a7b6e158e5526a6dae38", size = 10948879, upload-time = "2026-07-30T19:36:22.476Z" },
    { url = "https://files.pythonhosted.org/packages/33/e9/9d870cbae575030fdef595f04b4b97573c525b5497cce4f4498cf2f85446/ruff-0.16.1-py3-none-manylinux_2_17_armv7l.manylinux2014_armv7l.whl", hash = "sha256:24e9c631573cbca9d20f1283f8f479b2afa4a8503504822bd71a293889f16743", size = 10643691, upload-time = "2026-07-30T19:36:24.914Z" },
    { url = "https://files.pythonhosted.org/packages/c4/09/12743d544e2173f53ecd27217c65f90d2bc0f8424a66a60339e56bbc0457/ruff-0.16.1-py3-none-manylinux_2_17_i686.manylinux2014_i686.whl", hash = "sha256:b41bdd48fb420987a9b5212e4957c26ad4abce401fa9ea9d4d85843727945f4f", size = 11435354, upload-time = "2026-07-30T19:36:28.447Z" },
    { url = "https://files.pythonhosted.org/packages/7f/89/a1652b2daee52083c9554a6333b678a8b01d0400f976827bb87857f9449a/ruff-0.16.1-py3-none-manylinux_2_17_ppc64le.manylinux2014_ppc64le.whl", hash = "sha256:b0d1e1393b7648079e13669de1c1f4fde06d4583e84d8fd5c1551e0a77a2aa75", size = 12259033, upload-time = "2026-07-30T19:36:31.326Z" },
    { url = "https://files.pythonhosted.org/packages/16/96/ecdcb8c54ee7b123b487f807eb014e6e019155a0b81dfb669acd52f28ce3/ruff-0.16.1-py3-none-manylinux_2_17_s390x.manylinux2014_s390x.whl", hash = "sha256:07bf434b1c95f4e093be4532068ef4fcf00924eb2ade8796075980902d6fd54a", size = 11667981, upload-time = "2026-07-30T19:36:34.394Z" },
    { url = "https://files.pythonhosted.org/packages/cd/90/c52e12e0d862e9572f2a33aa227409143520abe53111e9a6babbac7b4af8/ruff-0.16.1-py3-none-manylinux_2_17_x86_64.manylinux2014_x86_64.whl", hash = "sha256:39897739f112253ee4fdd2e8aa9a4f9ded99fb2be367d5f31dfa4ded6025584c", size = 11468183, upload-time = "2026-07-30T19:36:37.339Z" },
    { url = "https://files.pythonhosted.org/packages/2c/6b/4ffb7ad1d83eb16cf8cbb3c8815d3f11c88460fd162d4b372a2059be1c2a/ruff-0.16.1-py3-none-manylinux_2_31_riscv64.whl", hash = "sha256:82ae3c0c0d74daf17b968a10b7b3bb3ef297ab7de0c1f749646b25e690ccb150", size = 11470071, upload-time = "2026-07-30T19:36:39.91Z" },
    { url = "https://files.pythonhosted.org/packages/9c/72/32ae7db4c0b5e32ab611787caa19d1546800676d79f7483b7100a3561bf4/ruff-0.16.1-py3-none-musllinux_1_2_aarch64.whl", hash = "sha256:4d5f2ed10f8242d83fc08d521301089364e3375375705356f20c0e31606ef3ef", size = 10919503, upload-time = "2026-07-30T19:36:42.65Z" },
    { url = "https://files.pythonhosted.org/packages/f7/ca/3d901ba6ad6fc38da39c3448fc6c59ac945679293a17c3ceb6d6c1cba13e/ruff-0.16.1-py3-none-musllinux_1_2_armv7l.whl", hash = "sha256:a4665b309891f83f3e3c25447935f1213e9abbd4b5640af7a1f2def9f8d413c1", size = 10649861, upload-time = "2026-07-30T19:36:45.18Z" },
    { url = "https://files.pythonhosted.org/packages/92/79/894ef1ced26552d5f8c9cf6d85b0687840e1128c55aeab7b9c2d54a0d880/ruff-0.16.1-py3-none-musllinux_1_2_i686.whl", hash = "sha256:26e9ca5c9bc3971f20d3cf18a957f52ffd6a5f6564ff15c4912a144dcac22494", size = 11148137, upload-time = "2026-07-30T19:36:47.936Z" },
    { url = "https://files.pythonhosted.org/packages/2d/69/3609a09fa1cb46cc28b762363e440a354204e5dff01bd0c8d7437874d6b9/ruff-0.16.1-py3-none-musllinux_1_2_x86_64.whl", hash = "sha256:67e1e1e3fa4f0c82f0e36d4cd61e661f6e7a6196cb1aa92fe0828fa7b8f257cd", size = 11559211, upload-time = "2026-07-30T19:36:50.448Z" },
    { url = "https://files.pythonhosted.org/packages/fc/8a/fb22af2fd78a736e241fabf67e30ce1799a64244026377a49e133af90762/ruff-0.16.1-py3-none-win32.whl", hash = "sha256:d31765e131295b8445caf301e3e8a85b34d1b9b211b4109b7ba457888b051806", size = 10838258, upload-time = "2026-07-30T19:36:53.298Z" },
    { url = "https://files.pythonhosted.org/packages/d4/35/e57fd9fb5d423961df087a00b12d42c0a830288dc2f3b45ecca299158b4f/ruff-0.16.1-py3-none-win_amd64.whl", hash = "sha256:09b05e8b90c2cb06ad63464350e7a45e8e44a2dfe52072ebfba6666ca8d3f596", size = 11961111, upload-time = "2026-07-30T19:36:56.107Z" },
    { url = "https://files.pythonhosted.org/packages/cb/46/240ea004bf6dc4feb40e9832f2205a476a47dd5b8a3f8211a5fc5f95e20e/ruff-0.16.1-py3-none-win_arm64.whl", hash = "sha256:dbaadaac38c70239f056d306b7476f246b0bf000fa6b3876402acbf5b227eaf8", size = 11309414, upload-time = "2026-07-30T19:36:58.79Z" },
]

[[package]]
name = "sqlparse"
version = "0.5.5"
source = { registry = "https://pypi.org/simple" }
sdist = { url = "https://files.pythonhosted.org/packages/90/76/437d71068094df0726366574cf3432a4ed754217b436eb7429415cf2d480/sqlparse-0.5.5.tar.gz", hash = "sha256:e20d4a9b0b8585fdf63b10d30066c7c94c5d7a7ec47c889a2d83a3caa93ff28e", size = 120815, upload-time = "2025-12-19T07:17:45.073Z" }
wheels = [
    { url = "https://files.pythonhosted.org/packages/49/4b/359f28a903c13438ef59ebeee215fb25da53066db67b305c125f1c6d2a25/sqlparse-0.5.5-py3-none-any.whl", hash = "sha256:12a08b3bf3eec877c519589833aed092e2444e68240a3577e8e26148acc7b1ba", size = 46138, upload-time = "2025-12-19T07:17:46.573Z" },
]

[[package]]
name = "tzdata"
version = "2026.3"
source = { registry = "https://pypi.org/simple" }
sdist = { url = "https://files.pythonhosted.org/packages/92/ff/5a28bdfd8c3ebec42564ac7d0e54ca3db65044a9314a97f9564fa7a1e926/tzdata-2026.3.tar.gz", hash = "sha256:4a1518b8993086a7982523e071643f3c0e5f213e75b21318e78bcabfff9d1415", size = 198674, upload-time = "2026-07-10T08:50:37.887Z" }
wheels = [
    { url = "https://files.pythonhosted.org/packages/e5/6d/b53b99a9f2766d095985947a5782f1702cabb129a34f7a802d7197af832f/tzdata-2026.3-py2.py3-none-any.whl", hash = "sha256:dc096730c87af6cab1b171c9d532be840741ff5d459015e7f6947bd7d7e54931", size = 348168, upload-time = "2026-07-10T08:50:36.46Z" },
]

[[package]]
name = "whitenoise"
version = "6.12.0"
source = { registry = "https://pypi.org/simple" }
sdist = { url = "https://files.pythonhosted.org/packages/cb/2a/55b3f3a4ec326cd077c1c3defeee656b9298372a69229134d930151acd01/whitenoise-6.12.0.tar.gz", hash = "sha256:f723ebb76a112e98816ff80fcea0a6c9b8ecde835f8ddda25df7a30a3c2db6ad", size = 26841, upload-time = "2026-02-27T00:05:42.028Z" }
wheels = [
    { url = "https://files.pythonhosted.org/packages/db/eb/d5583a11486211f3ebd4b385545ae787f32363d453c19fffd81106c9c138/whitenoise-6.12.0-py3-none-any.whl", hash = "sha256:fc5e8c572e33ebf24795b47b6a7da8da3c00cff2349f5b04c02f28d0cc5a3cc2", size = 20302, upload-time = "2026-02-27T00:05:40.086Z" },
]
